
Microsoft Visual Studio Solution File, Format Version 12.00
# Visual Studio Version 17
VisualStudioVersion = 17.5.002.0
MinimumVisualStudioVersion = 10.0.40219.1
Project("{9A19103F-16F7-4668-BE54-9A1E7A4F7556}") = "gambling", "console\gambling.csproj", "{4CDC2E9A-909F-4957-BF88-7A169F182CEA}"
EndProject
Project("{FAE04EC0-301F-11D3-BF4B-00C04F79EFBC}") = "library", "library\library.csproj", "{A974EEA5-0942-415F-BED5-960A46F986C0}"
EndProject
Project("{FAE04EC0-301F-11D3-BF4B-00C04F79EFBC}") = "api", "api\api.csproj", "{D8FEEA0B-8C0A-4356-9E91-D714D92DD05C}"
EndProject
Global
	GlobalSection(SolutionConfigurationPlatforms) = preSolution
		Debug|Any CPU = Debug|Any CPU
		Release|Any CPU = Release|Any CPU
	EndGlobalSection
	GlobalSection(ProjectConfigurationPlatforms) = postSolution
		{4CDC2E9A-909F-4957-BF88-7A169F182CEA}.Debug|Any CPU.ActiveCfg = Debug|Any CPU
		{4CDC2E9A-909F-4957-BF88-7A169F182CEA}.Debug|Any CPU.Build.0 = Debug|Any CPU
		{4CDC2E9A-909F-4957-BF88-7A169F182CEA}.Release|Any CPU.ActiveCfg = Release|Any CPU
		{4CDC2E9A-909F-4957-BF88-7A169F182CEA}.Release|Any CPU.Build.0 = Release|Any CPU
		{A974EEA5-0942-415F-BED5-960A46F986C0}.Debug|Any CPU.ActiveCfg = Debug|Any CPU
		{A974EEA5-0942-415F-BED5-960A46F986C0}.Debug|Any CPU.Build.0 = Debug|Any CPU
		{A974EEA5-0942-415F-BED5-960A46F986C0}.Release|Any CPU.ActiveCfg = Release|Any CPU
		{A974EEA5-0942-415F-BED5-960A46F986C0}.Release|Any CPU.Build.0 = Release|Any CPU
		{D8FEEA0B-8C0A-4356-9E91-D714D92DD05C}.Debug|Any CPU.ActiveCfg = Debug|Any CPU
		{D8FEEA0B-8C0A-4356-9E91-D714D92DD05C}.Debug|Any CPU.Build.0 = Debug|Any CPU
		{D8FEEA0B-8C0A-4356-9E91-D714D92DD05C}.Release|Any CPU.ActiveCfg = Release|Any CPU
		{D8FEEA0B-8C0A-4356-9E91-D714D92DD05C}.Release|Any CPU.Build.0 = Release|Any CPU
	EndGlobalSection
	GlobalSection(SolutionProperties) = preSolution
		HideSolutionNode = FALSE
	EndGlobalSection
	GlobalSection(ExtensibilityGlobals) = postSolution
		SolutionGuid = {7135313B-2ADE-4B28-95F0-3C7DE04A18B9}
	EndGlobalSection
EndGlobal
